
Microsoft Visual Studio Solution File, Format Version 12.00
# Visual Studio Version 16
VisualStudioVersion = 16.0.31129.286
MinimumVisualStudioVersion = 10.0.40219.1
Project("{9A19103F-16F7-4668-BE54-9A1E7A4F7556}") = "NextBot", "NextBot\NextBot.csproj", "{D91E3789-6C6B-44D3-AD7E-ED90884079E1}"
EndProject
Project("{9A19103F-16F7-4668-BE54-9A1E7A4F7556}") = "XUnitTestNextBot", "XUnitTestNextBot\XUnitTestNextBot.csproj", "{4BF9D998-B1CE-4616-9492-93F383CEF50C}"
EndProject
Global
	GlobalSection(SolutionConfigurationPlatforms) = preSolution
		Debug|Any CPU = Debug|Any CPU
		Release|Any CPU = Release|Any CPU
	EndGlobalSection
	GlobalSection(ProjectConfigurationPlatforms) = postSolution
		{D91E3789-6C6B-44D3-AD7E-ED90884079E1}.Debug|Any CPU.ActiveCfg = Debug|Any CPU
		{D91E3789-6C6B-44D3-AD7E-ED90884079E1}.Debug|Any CPU.Build.0 = Debug|Any CPU
		{D91E3789-6C6B-44D3-AD7E-ED90884079E1}.Release|Any CPU.ActiveCfg = Release|Any CPU
		{D91E3789-6C6B-44D3-AD7E-ED90884079E1}.Release|Any CPU.Build.0 = Release|Any CPU
		{4BF9D998-B1CE-4616-9492-93F383CEF50C}.Debug|Any CPU.ActiveCfg = Debug|Any CPU
		{4BF9D998-B1CE-4616-9492-93F383CEF50C}.Debug|Any CPU.Build.0 = Debug|Any CPU
		{4BF9D998-B1CE-4616-9492-93F383CEF50C}.Release|Any CPU.ActiveCfg = Release|Any CPU
		{4BF9D998-B1CE-4616-9492-93F383CEF50C}.Release|Any CPU.Build.0 = Release|Any CPU
	EndGlobalSection
	GlobalSection(SolutionProperties) = preSolution
		HideSolutionNode = FALSE
	EndGlobalSection
	GlobalSection(ExtensibilityGlobals) = postSolution
		SolutionGuid = {5DD007C3-AD16-4892-A6D7-D3CC9A406187}
	EndGlobalSection
EndGlobal
